
Microsoft Visual Studio Solution File, Format Version 12.00
# Visual Studio 15
VisualStudioVersion = 15.0.28307.489
MinimumVisualStudioVersion = 10.0.40219.1
Project("{FAE04EC0-301F-11D3-BF4B-00C04F79EFBC}") = "Apollo.io", "Apollo.io\Apollo.io.csproj", "{B9DCFF73-6838-4EAF-A720-40E061F95765}"
EndProject
Global
	GlobalSection(SolutionConfigurationPlatforms) = preSolution
		Debug|Any CPU = Debug|Any CPU
		Release|Any CPU = Release|Any CPU
	EndGlobalSection
	GlobalSection(ProjectConfigurationPlatforms) = postSolution
		{B9DCFF73-6838-4EAF-A720-40E061F95765}.Debug|Any CPU.ActiveCfg = Debug|Any CPU
		{B9DCFF73-6838-4EAF-A720-40E061F95765}.Debug|Any CPU.Build.0 = Debug|Any CPU
		{B9DCFF73-6838-4EAF-A720-40E061F95765}.Release|Any CPU.ActiveCfg = Release|Any CPU
		{B9DCFF73-6838-4EAF-A720-40E061F95765}.Release|Any CPU.Build.0 = Release|Any CPU
	EndGlobalSection
	GlobalSection(SolutionProperties) = preSolution
		HideSolutionNode = FALSE
	EndGlobalSection
	GlobalSection(ExtensibilityGlobals) = postSolution
		SolutionGuid = {D3DA2C1C-C879-4D15-AA1B-8F1C13E7AC3B}
	EndGlobalSection
EndGlobal
