
Microsoft Visual Studio Solution File, Format Version 12.00
# Visual Studio 15
VisualStudioVersion = 15.0.28307.489
MinimumVisualStudioVersion = 10.0.40219.1
Project("{FAE04EC0-301F-11D3-BF4B-00C04F79EFBC}") = "StringOperation", "StringOperation\StringOperation.csproj", "{1F661CDD-4C3F-49C2-85E1-25F52C2233CE}"
EndProject
Global
	GlobalSection(SolutionConfigurationPlatforms) = preSolution
		Debug|Any CPU = Debug|Any CPU
		Release|Any CPU = Release|Any CPU
	EndGlobalSection
	GlobalSection(ProjectConfigurationPlatforms) = postSolution
		{1F661CDD-4C3F-49C2-85E1-25F52C2233CE}.Debug|Any CPU.ActiveCfg = Debug|Any CPU
		{1F661CDD-4C3F-49C2-85E1-25F52C2233CE}.Debug|Any CPU.Build.0 = Debug|Any CPU
		{1F661CDD-4C3F-49C2-85E1-25F52C2233CE}.Release|Any CPU.ActiveCfg = Release|Any CPU
		{1F661CDD-4C3F-49C2-85E1-25F52C2233CE}.Release|Any CPU.Build.0 = Release|Any CPU
	EndGlobalSection
	GlobalSection(SolutionProperties) = preSolution
		HideSolutionNode = FALSE
	EndGlobalSection
	GlobalSection(ExtensibilityGlobals) = postSolution
		SolutionGuid = {991F72DE-0267-4147-A318-84652E4DC526}
	EndGlobalSection
EndGlobal
